
Microsoft Visual Studio Solution File, Format Version 12.00
# Visual Studio Version 17
VisualStudioVersion = 17.11.35312.102
MinimumVisualStudioVersion = 10.0.40219.1
Project("{2150E333-8FDC-42A3-9474-1A3956D46DE8}") = "FrontEnd", "FrontEnd", "{0348AE8B-C973-4D2F-A858-7F7F7848C10A}"
EndProject
Project("{2150E333-8FDC-42A3-9474-1A3956D46DE8}") = "Gateway", "Gateway", "{F0A2E76B-E03E-494E-9589-E0A508E6BAF2}"
EndProject
Project("{2150E333-8FDC-42A3-9474-1A3956D46DE8}") = "Integration", "Integration", "{DF426442-20D0-4BA3-9F58-CEA67BE236F9}"
EndProject
Project("{2150E333-8FDC-42A3-9474-1A3956D46DE8}") = "Services", "Services", "{17EC4CB1-6638-4B24-B92A-49AA8949B694}"
EndProject
Project("{9A19103F-16F7-4668-BE54-9A1E7A4F7556}") = "Restaurant.Services.CouponAPI", "Restaurant.Services.CouponAPI\Restaurant.Services.CouponAPI.csproj", "{49EA9BDB-09C5-43B6-A2DD-07AB25E4B60B}"
EndProject
Project("{9A19103F-16F7-4668-BE54-9A1E7A4F7556}") = "Restaurant.Web", "Restaurant.Web\Restaurant.Web.csproj", "{C589BFAC-38E7-490D-A8DC-562055D232B1}"
EndProject
Project("{9A19103F-16F7-4668-BE54-9A1E7A4F7556}") = "Restaurant.Services.AuthAPI", "Restaurant.Services.AuthAPI\Restaurant.Services.AuthAPI.csproj", "{310F8296-3915-4126-A3B8-44D0DA40B629}"
EndProject
Project("{9A19103F-16F7-4668-BE54-9A1E7A4F7556}") = "Restaurant.Services.ProductAPI", "Restaurant.Services.ProductAPI\Restaurant.Services.ProductAPI.csproj", "{3F82E307-A56C-43BD-A71D-A5E182B1379D}"
EndProject
Project("{9A19103F-16F7-4668-BE54-9A1E7A4F7556}") = "Restaurant.Services.ShoppingCartAPI", "Restaurant.Services.ShoppingCartAPI\Restaurant.Services.ShoppingCartAPI.csproj", "{A4E3A131-E93F-40C7-ABEC-BACCB576800A}"
EndProject
Project("{2150E333-8FDC-42A3-9474-1A3956D46DE8}") = "Apps", "Apps", "{BE229FCC-D424-489E-8744-C25BEF546272}"
EndProject
Project("{9A19103F-16F7-4668-BE54-9A1E7A4F7556}") = "Restaurant.MessageBus", "Restaurant.MessageBus\Restaurant.MessageBus.csproj", "{E1C4D6E8-349D-4578-879E-165379061B2C}"
EndProject
Project("{9A19103F-16F7-4668-BE54-9A1E7A4F7556}") = "Restaurant.Services.EmailAPI", "Restaurant.Services.EmailAPI\Restaurant.Services.EmailAPI.csproj", "{EBE2148F-FCC0-4BEA-8CA4-18FA0F2C7BED}"
EndProject
Project("{9A19103F-16F7-4668-BE54-9A1E7A4F7556}") = "Restaurant.Services.OrderAPI", "Restaurant.Services.OrderAPI\Restaurant.Services.OrderAPI.csproj", "{829FC94A-738F-4CE4-A53B-E1FBA3DE619D}"
EndProject
Project("{9A19103F-16F7-4668-BE54-9A1E7A4F7556}") = "Restaurant.Services.RewardAPI", "Restaurant.Services.RewardAPI\Restaurant.Services.RewardAPI.csproj", "{BB7D981B-9BB1-4534-9180-BBF7DDAE1597}"
EndProject
Project("{FAE04EC0-301F-11D3-BF4B-00C04F79EFBC}") = "Restaurant.GatewaySolution", "Restaurant.GatewaySolution\Restaurant.GatewaySolution.csproj", "{F9B8A04E-F9E5-48F3-AE38-6E8AF46E4B80}"
EndProject
Global
	GlobalSection(SolutionConfigurationPlatforms) = preSolution
		Debug|Any CPU = Debug|Any CPU
		Release|Any CPU = Release|Any CPU
	EndGlobalSection
	GlobalSection(ProjectConfigurationPlatforms) = postSolution
		{49EA9BDB-09C5-43B6-A2DD-07AB25E4B60B}.Debug|Any CPU.ActiveCfg = Debug|Any CPU
		{49EA9BDB-09C5-43B6-A2DD-07AB25E4B60B}.Debug|Any CPU.Build.0 = Debug|Any CPU
		{49EA9BDB-09C5-43B6-A2DD-07AB25E4B60B}.Release|Any CPU.ActiveCfg = Release|Any CPU
		{49EA9BDB-09C5-43B6-A2DD-07AB25E4B60B}.Release|Any CPU.Build.0 = Release|Any CPU
		{C589BFAC-38E7-490D-A8DC-562055D232B1}.Debug|Any CPU.ActiveCfg = Debug|Any CPU
		{C589BFAC-38E7-490D-A8DC-562055D232B1}.Debug|Any CPU.Build.0 = Debug|Any CPU
		{C589BFAC-38E7-490D-A8DC-562055D232B1}.Release|Any CPU.ActiveCfg = Release|Any CPU
		{C589BFAC-38E7-490D-A8DC-562055D232B1}.Release|Any CPU.Build.0 = Release|Any CPU
		{310F8296-3915-4126-A3B8-44D0DA40B629}.Debug|Any CPU.ActiveCfg = Debug|Any CPU
		{310F8296-3915-4126-A3B8-44D0DA40B629}.Debug|Any CPU.Build.0 = Debug|Any CPU
		{310F8296-3915-4126-A3B8-44D0DA40B629}.Release|Any CPU.ActiveCfg = Release|Any CPU
		{310F8296-3915-4126-A3B8-44D0DA40B629}.Release|Any CPU.Build.0 = Release|Any CPU
		{3F82E307-A56C-43BD-A71D-A5E182B1379D}.Debug|Any CPU.ActiveCfg = Debug|Any CPU
		{3F82E307-A56C-43BD-A71D-A5E182B1379D}.Debug|Any CPU.Build.0 = Debug|Any CPU
		{3F82E307-A56C-43BD-A71D-A5E182B1379D}.Release|Any CPU.ActiveCfg = Release|Any CPU
		{3F82E307-A56C-43BD-A71D-A5E182B1379D}.Release|Any CPU.Build.0 = Release|Any CPU
		{A4E3A131-E93F-40C7-ABEC-BACCB576800A}.Debug|Any CPU.ActiveCfg = Debug|Any CPU
		{A4E3A131-E93F-40C7-ABEC-BACCB576800A}.Debug|Any CPU.Build.0 = Debug|Any CPU
		{A4E3A131-E93F-40C7-ABEC-BACCB576800A}.Release|Any CPU.ActiveCfg = Release|Any CPU
		{A4E3A131-E93F-40C7-ABEC-BACCB576800A}.Release|Any CPU.Build.0 = Release|Any CPU
		{E1C4D6E8-349D-4578-879E-165379061B2C}.Debug|Any CPU.ActiveCfg = Debug|Any CPU
		{E1C4D6E8-349D-4578-879E-165379061B2C}.Debug|Any CPU.Build.0 = Debug|Any CPU
		{E1C4D6E8-349D-4578-879E-165379061B2C}.Release|Any CPU.ActiveCfg = Release|Any CPU
		{E1C4D6E8-349D-4578-879E-165379061B2C}.Release|Any CPU.Build.0 = Release|Any CPU
		{EBE2148F-FCC0-4BEA-8CA4-18FA0F2C7BED}.Debug|Any CPU.ActiveCfg = Debug|Any CPU
		{EBE2148F-FCC0-4BEA-8CA4-18FA0F2C7BED}.Debug|Any CPU.Build.0 = Debug|Any CPU
		{EBE2148F-FCC0-4BEA-8CA4-18FA0F2C7BED}.Release|Any CPU.ActiveCfg = Release|Any CPU
		{EBE2148F-FCC0-4BEA-8CA4-18FA0F2C7BED}.Release|Any CPU.Build.0 = Release|Any CPU
		{829FC94A-738F-4CE4-A53B-E1FBA3DE619D}.Debug|Any CPU.ActiveCfg = Debug|Any CPU
		{829FC94A-738F-4CE4-A53B-E1FBA3DE619D}.Debug|Any CPU.Build.0 = Debug|Any CPU
		{829FC94A-738F-4CE4-A53B-E1FBA3DE619D}.Release|Any CPU.ActiveCfg = Release|Any CPU
		{829FC94A-738F-4CE4-A53B-E1FBA3DE619D}.Release|Any CPU.Build.0 = Release|Any CPU
		{BB7D981B-9BB1-4534-9180-BBF7DDAE1597}.Debug|Any CPU.ActiveCfg = Debug|Any CPU
		{BB7D981B-9BB1-4534-9180-BBF7DDAE1597}.Debug|Any CPU.Build.0 = Debug|Any CPU
		{BB7D981B-9BB1-4534-9180-BBF7DDAE1597}.Release|Any CPU.ActiveCfg = Release|Any CPU
		{BB7D981B-9BB1-4534-9180-BBF7DDAE1597}.Release|Any CPU.Build.0 = Release|Any CPU
		{F9B8A04E-F9E5-48F3-AE38-6E8AF46E4B80}.Debug|Any CPU.ActiveCfg = Debug|Any CPU
		{F9B8A04E-F9E5-48F3-AE38-6E8AF46E4B80}.Debug|Any CPU.Build.0 = Debug|Any CPU
		{F9B8A04E-F9E5-48F3-AE38-6E8AF46E4B80}.Release|Any CPU.ActiveCfg = Release|Any CPU
		{F9B8A04E-F9E5-48F3-AE38-6E8AF46E4B80}.Release|Any CPU.Build.0 = Release|Any CPU
	EndGlobalSection
	GlobalSection(SolutionProperties) = preSolution
		HideSolutionNode = FALSE
	EndGlobalSection
	GlobalSection(NestedProjects) = preSolution
		{49EA9BDB-09C5-43B6-A2DD-07AB25E4B60B} = {17EC4CB1-6638-4B24-B92A-49AA8949B694}
		{C589BFAC-38E7-490D-A8DC-562055D232B1} = {0348AE8B-C973-4D2F-A858-7F7F7848C10A}
		{310F8296-3915-4126-A3B8-44D0DA40B629} = {17EC4CB1-6638-4B24-B92A-49AA8949B694}
		{3F82E307-A56C-43BD-A71D-A5E182B1379D} = {17EC4CB1-6638-4B24-B92A-49AA8949B694}
		{A4E3A131-E93F-40C7-ABEC-BACCB576800A} = {17EC4CB1-6638-4B24-B92A-49AA8949B694}
		{BE229FCC-D424-489E-8744-C25BEF546272} = {17EC4CB1-6638-4B24-B92A-49AA8949B694}
		{E1C4D6E8-349D-4578-879E-165379061B2C} = {DF426442-20D0-4BA3-9F58-CEA67BE236F9}
		{EBE2148F-FCC0-4BEA-8CA4-18FA0F2C7BED} = {17EC4CB1-6638-4B24-B92A-49AA8949B694}
		{829FC94A-738F-4CE4-A53B-E1FBA3DE619D} = {17EC4CB1-6638-4B24-B92A-49AA8949B694}
		{BB7D981B-9BB1-4534-9180-BBF7DDAE1597} = {17EC4CB1-6638-4B24-B92A-49AA8949B694}
		{F9B8A04E-F9E5-48F3-AE38-6E8AF46E4B80} = {F0A2E76B-E03E-494E-9589-E0A508E6BAF2}
	EndGlobalSection
	GlobalSection(ExtensibilityGlobals) = postSolution
		SolutionGuid = {643C5F37-79EA-40B8-B441-981F65A1987E}
	EndGlobalSection
EndGlobal
